// !$*UTF8*$!
{
	archiveVersion = 1;
	classes = {
	};
	objectVersion = 56;
	objects = {

/* Begin PBXBuildFile section */
		C54918882C38CFC400623E4C /* AppDelegate.swift in Sources */ = {isa = PBXBuildFile; fileRef = C54918872C38CFC400623E4C /* AppDelegate.swift */; };
		C549188A2C38CFC400623E4C /* SceneDelegate.swift in Sources */ = {isa = PBXBuildFile; fileRef = C54918892C38CFC400623E4C /* SceneDelegate.swift */; };
		C549188C2C38CFC400623E4C /* ViewController.swift in Sources */ = {isa = PBXBuildFile; fileRef = C549188B2C38CFC400623E4C /* ViewController.swift */; };
		C549188F2C38CFC400623E4C /* Main.storyboard in Resources */ = {isa = PBXBuildFile; fileRef = C549188D2C38CFC400623E4C /* Main.storyboard */; };
		C54918912C38CFC600623E4C /* Assets.xcassets in Resources */ = {isa = PBXBuildFile; fileRef = C54918902C38CFC600623E4C /* Assets.xcassets */; };
		C54918942C38CFC600623E4C /* LaunchScreen.storyboard in Resources */ = {isa = PBXBuildFile; fileRef = C54918922C38CFC600623E4C /* LaunchScreen.storyboard */; };
		C549189F2C38CFC600623E4C /* MapKit_Example_UIKitTests.swift in Sources */ = {isa = PBXBuildFile; fileRef = C549189E2C38CFC600623E4C /* MapKit_Example_UIKitTests.swift */; };
		C54918A92C38CFC600623E4C /* MapKit_Example_UIKitUITests.swift in Sources */ = {isa = PBXBuildFile; fileRef = C54918A82C38CFC600623E4C /* MapKit_Example_UIKitUITests.swift */; };
		C54918AB2C38CFC600623E4C /* MapKit_Example_UIKitUITestsLaunchTests.swift in Sources */ = {isa = PBXBuildFile; fileRef = C54918AA2C38CFC600623E4C /* MapKit_Example_UIKitUITestsLaunchTests.swift */; };
		C54918B92C38D1C900623E4C /* MapKit.framework in Frameworks */ = {isa = PBXBuildFile; fileRef = C54918B82C38D1C900623E4C /* MapKit.framework */; };
/* End PBXBuildFile section */

/* Begin PBXContainerItemProxy section */
		C549189B2C38CFC600623E4C /* PBXContainerItemProxy */ = {
			isa = PBXContainerItemProxy;
			containerPortal = C549187C2C38CFC400623E4C /* Project object */;
			proxyType = 1;
			remoteGlobalIDString = C54918832C38CFC400623E4C;
			remoteInfo = "MapKit-Example-UIKit";
		};
		C54918A52C38CFC600623E4C /* PBXContainerItemProxy */ = {
			isa = PBXContainerItemProxy;
			containerPortal = C549187C2C38CFC400623E4C /* Project object */;
			proxyType = 1;
			remoteGlobalIDString = C54918832C38CFC400623E4C;
			remoteInfo = "MapKit-Example-UIKit";
		};
/* End PBXContainerItemProxy section */

/* Begin PBXFileReference section */
		C54918842C38CFC400623E4C /* MapKit-Example-UIKit.app */ = {isa = PBXFileReference; explicitFileType = wrapper.application; includeInIndex = 0; path = "MapKit-Example-UIKit.app"; sourceTree = BUILT_PRODUCTS_DIR; };
		C54918872C38CFC400623E4C /* AppDelegate.swift */ = {isa = PBXFileReference; lastKnownFileType = sourcecode.swift; path = AppDelegate.swift; sourceTree = "<group>"; };
		C54918892C38CFC400623E4C /* SceneDelegate.swift */ = {isa = PBXFileReference; lastKnownFileType = sourcecode.swift; path = SceneDelegate.swift; sourceTree = "<group>"; };
		C549188B2C38CFC400623E4C /* ViewController.swift */ = {isa = PBXFileReference; lastKnownFileType = sourcecode.swift; path = ViewController.swift; sourceTree = "<group>"; };
		C549188E2C38CFC400623E4C /* Base */ = {isa = PBXFileReference; lastKnownFileType = file.storyboard; name = Base; path = Base.lproj/Main.storyboard; sourceTree = "<group>"; };
		C54918902C38CFC600623E4C /* Assets.xcassets */ = {isa = PBXFileReference; lastKnownFileType = folder.assetcatalog; path = Assets.xcassets; sourceTree = "<group>"; };
		C54918932C38CFC600623E4C /* Base */ = {isa = PBXFileReference; lastKnownFileType = file.storyboard; name = Base; path = Base.lproj/LaunchScreen.storyboard; sourceTree = "<group>"; };
		C54918952C38CFC600623E4C /* Info.plist */ = {isa = PBXFileReference; lastKnownFileType = text.plist.xml; path = Info.plist; sourceTree = "<group>"; };
		C549189A2C38CFC600623E4C /* MapKit-Example-UIKitTests.xctest */ = {isa = PBXFileReference; explicitFileType = wrapper.cfbundle; includeInIndex = 0; path = "MapKit-Example-UIKitTests.xctest"; sourceTree = BUILT_PRODUCTS_DIR; };
		C549189E2C38CFC600623E4C /* MapKit_Example_UIKitTests.swift */ = {isa = PBXFileReference; lastKnownFileType = sourcecode.swift; path = MapKit_Example_UIKitTests.swift; sourceTree = "<group>"; };
		C54918A42C38CFC600623E4C /* MapKit-Example-UIKitUITests.xctest */ = {isa = PBXFileReference; explicitFileType = wrapper.cfbundle; includeInIndex = 0; path = "MapKit-Example-UIKitUITests.xctest"; sourceTree = BUILT_PRODUCTS_DIR; };
		C54918A82C38CFC600623E4C /* MapKit_Example_UIKitUITests.swift */ = {isa = PBXFileReference; lastKnownFileType = sourcecode.swift; path = MapKit_Example_UIKitUITests.swift; sourceTree = "<group>"; };
		C54918AA2C38CFC600623E4C /* MapKit_Example_UIKitUITestsLaunchTests.swift */ = {isa = PBXFileReference; lastKnownFileType = sourcecode.swift; path = MapKit_Example_UIKitUITestsLaunchTests.swift; sourceTree = "<group>"; };
		C54918B82C38D1C900623E4C /* MapKit.framework */ = {isa = PBXFileReference; lastKnownFileType = wrapper.framework; name = MapKit.framework; path = System/Library/Frameworks/MapKit.framework; sourceTree = SDKROOT; };
/* End PBXFileReference section */

/* Begin PBXFrameworksBuildPhase section */
		C54918812C38CFC400623E4C /* Frameworks */ = {
			isa = PBXFrameworksBuildPhase;
			buildActionMask = 2147483647;
			files = (
				C54918B92C38D1C900623E4C /* MapKit.framework in Frameworks */,
			);
			runOnlyForDeploymentPostprocessing = 0;
		};
		C54918972C38CFC600623E4C /* Frameworks */ = {
			isa = PBXFrameworksBuildPhase;
			buildActionMask = 2147483647;
			files = (
			);
			runOnlyForDeploymentPostprocessing = 0;
		};
		C54918A12C38CFC600623E4C /* Frameworks */ = {
			isa = PBXFrameworksBuildPhase;
			buildActionMask = 2147483647;
			files = (
			);
			runOnlyForDeploymentPostprocessing = 0;
		};
/* End PBXFrameworksBuildPhase section */

/* Begin PBXGroup section */
		C549187B2C38CFC400623E4C = {
			isa = PBXGroup;
			children = (
				C54918862C38CFC400623E4C /* MapKit-Example-UIKit */,
				C549189D2C38CFC600623E4C /* MapKit-Example-UIKitTests */,
				C54918A72C38CFC600623E4C /* MapKit-Example-UIKitUITests */,
				C54918852C38CFC400623E4C /* Products */,
				C54918B72C38D1C800623E4C /* Frameworks */,
			);
			sourceTree = "<group>";
		};
		C54918852C38CFC400623E4C /* Products */ = {
			isa = PBXGroup;
			children = (
				C54918842C38CFC400623E4C /* MapKit-Example-UIKit.app */,
				C549189A2C38CFC600623E4C /* MapKit-Example-UIKitTests.xctest */,
				C54918A42C38CFC600623E4C /* MapKit-Example-UIKitUITests.xctest */,
			);
			name = Products;
			sourceTree = "<group>";
		};
		C54918862C38CFC400623E4C /* MapKit-Example-UIKit */ = {
			isa = PBXGroup;
			children = (
				C54918872C38CFC400623E4C /* AppDelegate.swift */,
				C54918892C38CFC400623E4C /* SceneDelegate.swift */,
				C549188B2C38CFC400623E4C /* ViewController.swift */,
				C549188D2C38CFC400623E4C /* Main.storyboard */,
				C54918902C38CFC600623E4C /* Assets.xcassets */,
				C54918922C38CFC600623E4C /* LaunchScreen.storyboard */,
				C54918952C38CFC600623E4C /* Info.plist */,
			);
			path = "MapKit-Example-UIKit";
			sourceTree = "<group>";
		};
		C549189D2C38CFC600623E4C /* MapKit-Example-UIKitTests */ = {
			isa = PBXGroup;
			children = (
				C549189E2C38CFC600623E4C /* MapKit_Example_UIKitTests.swift */,
			);
			path = "MapKit-Example-UIKitTests";
			sourceTree = "<group>";
		};
		C54918A72C38CFC600623E4C /* MapKit-Example-UIKitUITests */ = {
			isa = PBXGroup;
			children = (
				C54918A82C38CFC600623E4C /* MapKit_Example_UIKitUITests.swift */,
				C54918AA2C38CFC600623E4C /* MapKit_Example_UIKitUITestsLaunchTests.swift */,
			);
			path = "MapKit-Example-UIKitUITests";
			sourceTree = "<group>";
		};
		C54918B72C38D1C800623E4C /* Frameworks */ = {
			isa = PBXGroup;
			children = (
				C54918B82C38D1C900623E4C /* MapKit.framework */,
			);
			name = Frameworks;
			sourceTree = "<group>";
		};
/* End PBXGroup section */

/* Begin PBXNativeTarget section */
		C54918832C38CFC400623E4C /* MapKit-Example-UIKit */ = {
			isa = PBXNativeTarget;
			buildConfigurationList = C54918AE2C38CFC600623E4C /* Build configuration list for PBXNativeTarget "MapKit-Example-UIKit" */;
			buildPhases = (
				C54918802C38CFC400623E4C /* Sources */,
				C54918812C38CFC400623E4C /* Frameworks */,
				C54918822C38CFC400623E4C /* Resources */,
			);
			buildRules = (
			);
			dependencies = (
			);
			name = "MapKit-Example-UIKit";
			productName = "MapKit-Example-UIKit";
			productReference = C54918842C38CFC400623E4C /* MapKit-Example-UIKit.app */;
			productType = "com.apple.product-type.application";
		};
		C54918992C38CFC600623E4C /* MapKit-Example-UIKitTests */ = {
			isa = PBXNativeTarget;
			buildConfigurationList = C54918B12C38CFC600623E4C /* Build configuration list for PBXNativeTarget "MapKit-Example-UIKitTests" */;
			buildPhases = (
				C54918962C38CFC600623E4C /* Sources */,
				C54918972C38CFC600623E4C /* Frameworks */,
				C54918982C38CFC600623E4C /* Resources */,
			);
			buildRules = (
			);
			dependencies = (
				C549189C2C38CFC600623E4C /* PBXTargetDependency */,
			);
			name = "MapKit-Example-UIKitTests";
			productName = "MapKit-Example-UIKitTests";
			productReference = C549189A2C38CFC600623E4C /* MapKit-Example-UIKitTests.xctest */;
			productType = "com.apple.product-type.bundle.unit-test";
		};
		C54918A32C38CFC600623E4C /* MapKit-Example-UIKitUITests */ = {
			isa = PBXNativeTarget;
			buildConfigurationList = C54918B42C38CFC600623E4C /* Build configuration list for PBXNativeTarget "MapKit-Example-UIKitUITests" */;
			buildPhases = (
				C54918A02C38CFC600623E4C /* Sources */,
				C54918A12C38CFC600623E4C /* Frameworks */,
				C54918A22C38CFC600623E4C /* Resources */,
			);
			buildRules = (
			);
			dependencies = (
				C54918A62C38CFC600623E4C /* PBXTargetDependency */,
			);
			name = "MapKit-Example-UIKitUITests";
			productName = "MapKit-Example-UIKitUITests";
			productReference = C54918A42C38CFC600623E4C /* MapKit-Example-UIKitUITests.xctest */;
			productType = "com.apple.product-type.bundle.ui-testing";
		};
/* End PBXNativeTarget section */

/* Begin PBXProject section */
		C549187C2C38CFC400623E4C /* Project object */ = {
			isa = PBXProject;
			attributes = {
				BuildIndependentTargetsInParallel = 1;
				LastSwiftUpdateCheck = 1420;
				LastUpgradeCheck = 1420;
				TargetAttributes = {
					C54918832C38CFC400623E4C = {
						CreatedOnToolsVersion = 14.2;
					};
					C54918992C38CFC600623E4C = {
						CreatedOnToolsVersion = 14.2;
						TestTargetID = C54918832C38CFC400623E4C;
					};
					C54918A32C38CFC600623E4C = {
						CreatedOnToolsVersion = 14.2;
						TestTargetID = C54918832C38CFC400623E4C;
					};
				};
			};
			buildConfigurationList = C549187F2C38CFC400623E4C /* Build configuration list for PBXProject "MapKit-Example-UIKit" */;
			compatibilityVersion = "Xcode 14.0";
			developmentRegion = en;
			hasScannedForEncodings = 0;
			knownRegions = (
				en,
				Base,
			);
			mainGroup = C549187B2C38CFC400623E4C;
			productRefGroup = C54918852C38CFC400623E4C /* Products */;
			projectDirPath = "";
			projectRoot = "";
			targets = (
				C54918832C38CFC400623E4C /* MapKit-Example-UIKit */,
				C54918992C38CFC600623E4C /* MapKit-Example-UIKitTests */,
				C54918A32C38CFC600623E4C /* MapKit-Example-UIKitUITests */,
			);
		};
/* End PBXProject section */

/* Begin PBXResourcesBuildPhase section */
		C54918822C38CFC400623E4C /* Resources */ = {
			isa = PBXResourcesBuildPhase;
			buildActionMask = 2147483647;
			files = (
				C54918942C38CFC600623E4C /* LaunchScreen.storyboard in Resources */,
				C54918912C38CFC600623E4C /* Assets.xcassets in Resources */,
				C549188F2C38CFC400623E4C /* Main.storyboard in Resources */,
			);
			runOnlyForDeploymentPostprocessing = 0;
		};
		C54918982C38CFC600623E4C /* Resources */ = {
			isa = PBXResourcesBuildPhase;
			buildActionMask = 2147483647;
			files = (
			);
			runOnlyForDeploymentPostprocessing = 0;
		};
		C54918A22C38CFC600623E4C /* Resources */ = {
			isa = PBXResourcesBuildPhase;
			buildActionMask = 2147483647;
			files = (
			);
			runOnlyForDeploymentPostprocessing = 0;
		};
/* End PBXResourcesBuildPhase section */

/* Begin PBXSourcesBuildPhase section */
		C54918802C38CFC400623E4C /* Sources */ = {
			isa = PBXSourcesBuildPhase;
			buildActionMask = 2147483647;
			files = (
				C549188C2C38CFC400623E4C /* ViewController.swift in Sources */,
				C54918882C38CFC400623E4C /* AppDelegate.swift in Sources */,
				C549188A2C38CFC400623E4C /* SceneDelegate.swift in Sources */,
			);
			runOnlyForDeploymentPostprocessing = 0;
		};
		C54918962C38CFC600623E4C /* Sources */ = {
			isa = PBXSourcesBuildPhase;
			buildActionMask = 2147483647;
			files = (
				C549189F2C38CFC600623E4C /* MapKit_Example_UIKitTests.swift in Sources */,
			);
			runOnlyForDeploymentPostprocessing = 0;
		};
		C54918A02C38CFC600623E4C /* Sources */ = {
			isa = PBXSourcesBuildPhase;
			buildActionMask = 2147483647;
			files = (
				C54918AB2C38CFC600623E4C /* MapKit_Example_UIKitUITestsLaunchTests.swift in Sources */,
				C54918A92C38CFC600623E4C /* MapKit_Example_UIKitUITests.swift in Sources */,
			);
			runOnlyForDeploymentPostprocessing = 0;
		};
/* End PBXSourcesBuildPhase section */

/* Begin PBXTargetDependency section */
		C549189C2C38CFC600623E4C /* PBXTargetDependency */ = {
			isa = PBXTargetDependency;
			target = C54918832C38CFC400623E4C /* MapKit-Example-UIKit */;
			targetProxy = C549189B2C38CFC600623E4C /* PBXContainerItemProxy */;
		};
		C54918A62C38CFC600623E4C /* PBXTargetDependency */ = {
			isa = PBXTargetDependency;
			target = C54918832C38CFC400623E4C /* MapKit-Example-UIKit */;
			targetProxy = C54918A52C38CFC600623E4C /* PBXContainerItemProxy */;
		};
/* End PBXTargetDependency section */

/* Begin PBXVariantGroup section */
		C549188D2C38CFC400623E4C /* Main.storyboard */ = {
			isa = PBXVariantGroup;
			children = (
				C549188E2C38CFC400623E4C /* Base */,
			);
			name = Main.storyboard;
			sourceTree = "<group>";
		};
		C54918922C38CFC600623E4C /* LaunchScreen.storyboard */ = {
			isa = PBXVariantGroup;
			children = (
				C54918932C38CFC600623E4C /* Base */,
			);
			name = LaunchScreen.storyboard;
			sourceTree = "<group>";
		};
/* End PBXVariantGroup section */

/* Begin XCBuildConfiguration section */
		C54918AC2C38CFC600623E4C /* Debug */ = {
			isa = XCBuildConfiguration;
			buildSettings = {
				ALWAYS_SEARCH_USER_PATHS = NO;
				CLANG_ANALYZER_NONNULL = YES;
				CLANG_ANALYZER_NUMBER_OBJECT_CONVERSION = YES_AGGRESSIVE;
				CLANG_CXX_LANGUAGE_STANDARD = "gnu++20";
				CLANG_ENABLE_MODULES = YES;
				CLANG_ENABLE_OBJC_ARC = YES;
				CLANG_ENABLE_OBJC_WEAK = YES;
				CLANG_WARN_BLOCK_CAPTURE_AUTORELEASING = YES;
				CLANG_WARN_BOOL_CONVERSION = YES;
				CLANG_WARN_COMMA = YES;
				CLANG_WARN_CONSTANT_CONVERSION = YES;
				CLANG_WARN_DEPRECATED_OBJC_IMPLEMENTATIONS = YES;
				CLANG_WARN_DIRECT_OBJC_ISA_USAGE = YES_ERROR;
				CLANG_WARN_DOCUMENTATION_COMMENTS = YES;
				CLANG_WARN_EMPTY_BODY = YES;
				CLANG_WARN_ENUM_CONVERSION = YES;
				CLANG_WARN_INFINITE_RECURSION = YES;
				CLANG_WARN_INT_CONVERSION = YES;
				CLANG_WARN_NON_LITERAL_NULL_CONVERSION = YES;
				CLANG_WARN_OBJC_IMPLICIT_RETAIN_SELF = YES;
				CLANG_WARN_OBJC_LITERAL_CONVERSION = YES;
				CLANG_WARN_OBJC_ROOT_CLASS = YES_ERROR;
				CLANG_WARN_QUOTED_INCLUDE_IN_FRAMEWORK_HEADER = YES;
				CLANG_WARN_RANGE_LOOP_ANALYSIS = YES;
				CLANG_WARN_STRICT_PROTOTYPES = YES;
				CLANG_WARN_SUSPICIOUS_MOVE = YES;
				CLANG_WARN_UNGUARDED_AVAILABILITY = YES_AGGRESSIVE;
				CLANG_WARN_UNREACHABLE_CODE = YES;
				CLANG_WARN__DUPLICATE_METHOD_MATCH = YES;
				COPY_PHASE_STRIP = NO;
				DEBUG_INFORMATION_FORMAT = dwarf;
				ENABLE_STRICT_OBJC_MSGSEND = YES;
				ENABLE_TESTABILITY = YES;
				GCC_C_LANGUAGE_STANDARD = gnu11;
				GCC_DYNAMIC_NO_PIC = NO;
				GCC_NO_COMMON_BLOCKS = YES;
				GCC_OPTIMIZATION_LEVEL = 0;
				GCC_PREPROCESSOR_DEFINITIONS = (
					"DEBUG=1",
					"$(inherited)",
				);
				GCC_WARN_64_TO_32_BIT_CONVERSION = YES;
				GCC_WARN_ABOUT_RETURN_TYPE = YES_ERROR;
				GCC_WARN_UNDECLARED_SELECTOR = YES;
				GCC_WARN_UNINITIALIZED_AUTOS = YES_AGGRESSIVE;
				GCC_WARN_UNUSED_FUNCTION = YES;
				GCC_WARN_UNUSED_VARIABLE = YES;
				IPHONEOS_DEPLOYMENT_TARGET = 16.2;
				MTL_ENABLE_DEBUG_INFO = INCLUDE_SOURCE;
				MTL_FAST_MATH = YES;
				ONLY_ACTIVE_ARCH = YES;
				SDKROOT = iphoneos;
				SWIFT_ACTIVE_COMPILATION_CONDITIONS = DEBUG;
				SWIFT_OPTIMIZATION_LEVEL = "-Onone";
			};
			name = Debug;
		};
		C54918AD2C38CFC600623E4C /* Release */ = {
			isa = XCBuildConfiguration;
			buildSettings = {
				ALWAYS_SEARCH_USER_PATHS = NO;
				CLANG_ANALYZER_NONNULL = YES;
				CLANG_ANALYZER_NUMBER_OBJECT_CONVERSION = YES_AGGRESSIVE;
				CLANG_CXX_LANGUAGE_STANDARD = "gnu++20";
				CLANG_ENABLE_MODULES = YES;
				CLANG_ENABLE_OBJC_ARC = YES;
				CLANG_ENABLE_OBJC_WEAK = YES;
				CLANG_WARN_BLOCK_CAPTURE_AUTORELEASING = YES;
				CLANG_WARN_BOOL_CONVERSION = YES;
				CLANG_WARN_COMMA = YES;
				CLANG_WARN_CONSTANT_CONVERSION = YES;
				CLANG_WARN_DEPRECATED_OBJC_IMPLEMENTATIONS = YES;
				CLANG_WARN_DIRECT_OBJC_ISA_USAGE = YES_ERROR;
				CLANG_WARN_DOCUMENTATION_COMMENTS = YES;
				CLANG_WARN_EMPTY_BODY = YES;
				CLANG_WARN_ENUM_CONVERSION = YES;
				CLANG_WARN_INFINITE_RECURSION = YES;
				CLANG_WARN_INT_CONVERSION = YES;
				CLANG_WARN_NON_LITERAL_NULL_CONVERSION = YES;
				CLANG_WARN_OBJC_IMPLICIT_RETAIN_SELF = YES;
				CLANG_WARN_OBJC_LITERAL_CONVERSION = YES;
				CLANG_WARN_OBJC_ROOT_CLASS = YES_ERROR;
				CLANG_WARN_QUOTED_INCLUDE_IN_FRAMEWORK_HEADER = YES;
				CLANG_WARN_RANGE_LOOP_ANALYSIS = YES;
				CLANG_WARN_STRICT_PROTOTYPES = YES;
				CLANG_WARN_SUSPICIOUS_MOVE = YES;
				CLANG_WARN_UNGUARDED_AVAILABILITY = YES_AGGRESSIVE;
				CLANG_WARN_UNREACHABLE_CODE = YES;
				CLANG_WARN__DUPLICATE_METHOD_MATCH = YES;
				COPY_PHASE_STRIP = NO;
				DEBUG_INFORMATION_FORMAT = "dwarf-with-dsym";
				ENABLE_NS_ASSERTIONS = NO;
				ENABLE_STRICT_OBJC_MSGSEND = YES;
				GCC_C_LANGUAGE_STANDARD = gnu11;
				GCC_NO_COMMON_BLOCKS = YES;
				GCC_WARN_64_TO_32_BIT_CONVERSION = YES;
				GCC_WARN_ABOUT_RETURN_TYPE = YES_ERROR;
				GCC_WARN_UNDECLARED_SELECTOR = YES;
				GCC_WARN_UNINITIALIZED_AUTOS = YES_AGGRESSIVE;
				GCC_WARN_UNUSED_FUNCTION = YES;
				GCC_WARN_UNUSED_VARIABLE = YES;
				IPHONEOS_DEPLOYMENT_TARGET = 16.2;
				MTL_ENABLE_DEBUG_INFO = NO;
				MTL_FAST_MATH = YES;
				SDKROOT = iphoneos;
				SWIFT_COMPILATION_MODE = wholemodule;
				SWIFT_OPTIMIZATION_LEVEL = "-O";
				VALIDATE_PRODUCT = YES;
			};
			name = Release;
		};
		C54918AF2C38CFC600623E4C /* Debug */ = {
			isa = XCBuildConfiguration;
			buildSettings = {
				ASSETCATALOG_COMPILER_APPICON_NAME = AppIcon;
				ASSETCATALOG_COMPILER_GLOBAL_ACCENT_COLOR_NAME = AccentColor;
				CODE_SIGN_STYLE = Automatic;
				CURRENT_PROJECT_VERSION = 1;
				DEVELOPMENT_TEAM = 5CDGW4297F;
				GENERATE_INFOPLIST_FILE = YES;
				INFOPLIST_FILE = "MapKit-Example-UIKit/Info.plist";
				INFOPLIST_KEY_UIApplicationSupportsIndirectInputEvents = YES;
				INFOPLIST_KEY_UILaunchStoryboardName = LaunchScreen;
				INFOPLIST_KEY_UIMainStoryboardFile = Main;
				INFOPLIST_KEY_UISupportedInterfaceOrientations_iPad = "UIInterfaceOrientationPortrait UIInterfaceOrientationPortraitUpsideDown UIInterfaceOrientationLandscapeLeft UIInterfaceOrientationLandscapeRight";
				INFOPLIST_KEY_UISupportedInterfaceOrientations_iPhone = "UIInterfaceOrientationPortrait UIInterfaceOrientationLandscapeLeft UIInterfaceOrientationLandscapeRight";
				LD_RUNPATH_SEARCH_PATHS = (
					"$(inherited)",
					"@executable_path/Frameworks",
				);
				MARKETING_VERSION = 1.0;
				PRODUCT_BUNDLE_IDENTIFIER = "com.matthewdolan.MapKit-Example-UIKit";
				PRODUCT_NAME = "$(TARGET_NAME)";
				SWIFT_EMIT_LOC_STRINGS = YES;
				SWIFT_VERSION = 5.0;
				TARGETED_DEVICE_FAMILY = "1,2";
			};
			name = Debug;
		};
		C54918B02C38CFC600623E4C /* Release */ = {
			isa = XCBuildConfiguration;
			buildSettings = {
				ASSETCATALOG_COMPILER_APPICON_NAME = AppIcon;
				ASSETCATALOG_COMPILER_GLOBAL_ACCENT_COLOR_NAME = AccentColor;
				CODE_SIGN_STYLE = Automatic;
				CURRENT_PROJECT_VERSION = 1;
				DEVELOPMENT_TEAM = 5CDGW4297F;
				GENERATE_INFOPLIST_FILE = YES;
				INFOPLIST_FILE = "MapKit-Example-UIKit/Info.plist";
				INFOPLIST_KEY_UIApplicationSupportsIndirectInputEvents = YES;
				INFOPLIST_KEY_UILaunchStoryboardName = LaunchScreen;
				INFOPLIST_KEY_UIMainStoryboardFile = Main;
				INFOPLIST_KEY_UISupportedInterfaceOrientations_iPad = "UIInterfaceOrientationPortrait UIInterfaceOrientationPortraitUpsideDown UIInterfaceOrientationLandscapeLeft UIInterfaceOrientationLandscapeRight";
				INFOPLIST_KEY_UISupportedInterfaceOrientations_iPhone = "UIInterfaceOrientationPortrait UIInterfaceOrientationLandscapeLeft UIInterfaceOrientationLandscapeRight";
				LD_RUNPATH_SEARCH_PATHS = (
					"$(inherited)",
					"@executable_path/Frameworks",
				);
				MARKETING_VERSION = 1.0;
				PRODUCT_BUNDLE_IDENTIFIER = "com.matthewdolan.MapKit-Example-UIKit";
				PRODUCT_NAME = "$(TARGET_NAME)";
				SWIFT_EMIT_LOC_STRINGS = YES;
				SWIFT_VERSION = 5.0;
				TARGETED_DEVICE_FAMILY = "1,2";
			};
			name = Release;
		};
		C54918B22C38CFC600623E4C /* Debug */ = {
			isa = XCBuildConfiguration;
			buildSettings = {
				ALWAYS_EMBED_SWIFT_STANDARD_LIBRARIES = YES;
				BUNDLE_LOADER = "$(TEST_HOST)";
				CODE_SIGN_STYLE = Automatic;
				CURRENT_PROJECT_VERSION = 1;
				DEVELOPMENT_TEAM = 5CDGW4297F;
				GENERATE_INFOPLIST_FILE = YES;
				IPHONEOS_DEPLOYMENT_TARGET = 16.2;
				MARKETING_VERSION = 1.0;
				PRODUCT_BUNDLE_IDENTIFIER = "com.matthewdolan.MapKit-Example-UIKitTests";
				PRODUCT_NAME = "$(TARGET_NAME)";
				SWIFT_EMIT_LOC_STRINGS = NO;
				SWIFT_VERSION = 5.0;
				TARGETED_DEVICE_FAMILY = "1,2";
				TEST_HOST = "$(BUILT_PRODUCTS_DIR)/MapKit-Example-UIKit.app/$(BUNDLE_EXECUTABLE_FOLDER_PATH)/MapKit-Example-UIKit";
			};
			name = Debug;
		};
		C54918B32C38CFC600623E4C /* Release */ = {
			isa = XCBuildConfiguration;
			buildSettings = {
				ALWAYS_EMBED_SWIFT_STANDARD_LIBRARIES = YES;
				BUNDLE_LOADER = "$(TEST_HOST)";
				CODE_SIGN_STYLE = Automatic;
				CURRENT_PROJECT_VERSION = 1;
				DEVELOPMENT_TEAM = 5CDGW4297F;
				GENERATE_INFOPLIST_FILE = YES;
				IPHONEOS_DEPLOYMENT_TARGET = 16.2;
				MARKETING_VERSION = 1.0;
				PRODUCT_BUNDLE_IDENTIFIER = "com.matthewdolan.MapKit-Example-UIKitTests";
				PRODUCT_NAME = "$(TARGET_NAME)";
				SWIFT_EMIT_LOC_STRINGS = NO;
				SWIFT_VERSION = 5.0;
				TARGETED_DEVICE_FAMILY = "1,2";
				TEST_HOST = "$(BUILT_PRODUCTS_DIR)/MapKit-Example-UIKit.app/$(BUNDLE_EXECUTABLE_FOLDER_PATH)/MapKit-Example-UIKit";
			};
			name = Release;
		};
		C54918B52C38CFC600623E4C /* Debug */ = {
			isa = XCBuildConfiguration;
			buildSettings = {
				ALWAYS_EMBED_SWIFT_STANDARD_LIBRARIES = YES;
				CODE_SIGN_STYLE = Automatic;
				CURRENT_PROJECT_VERSION = 1;
				DEVELOPMENT_TEAM = 5CDGW4297F;
				GENERATE_INFOPLIST_FILE = YES;
				MARKETING_VERSION = 1.0;
				PRODUCT_BUNDLE_IDENTIFIER = "com.matthewdolan.MapKit-Example-UIKitUITests";
				PRODUCT_NAME = "$(TARGET_NAME)";
				SWIFT_EMIT_LOC_STRINGS = NO;
				SWIFT_VERSION = 5.0;
				TARGETED_DEVICE_FAMILY = "1,2";
				TEST_TARGET_NAME = "MapKit-Example-UIKit";
			};
			name = Debug;
		};
		C54918B62C38CFC600623E4C /* Release */ = {
			isa = XCBuildConfiguration;
			buildSettings = {
				ALWAYS_EMBED_SWIFT_STANDARD_LIBRARIES = YES;
				CODE_SIGN_STYLE = Automatic;
				CURRENT_PROJECT_VERSION = 1;
				DEVELOPMENT_TEAM = 5CDGW4297F;
				GENERATE_INFOPLIST_FILE = YES;
				MARKETING_VERSION = 1.0;
				PRODUCT_BUNDLE_IDENTIFIER = "com.matthewdolan.MapKit-Example-UIKitUITests";
				PRODUCT_NAME = "$(TARGET_NAME)";
				SWIFT_EMIT_LOC_STRINGS = NO;
				SWIFT_VERSION = 5.0;
				TARGETED_DEVICE_FAMILY = "1,2";
				TEST_TARGET_NAME = "MapKit-Example-UIKit";
			};
			name = Release;
		};
/* End XCBuildConfiguration section */

/* Begin XCConfigurationList section */
		C549187F2C38CFC400623E4C /* Build configuration list for PBXProject "MapKit-Example-UIKit" */ = {
			isa = XCConfigurationList;
			buildConfigurations = (
				C54918AC2C38CFC600623E4C /* Debug */,
				C54918AD2C38CFC600623E4C /* Release */,
			);
			defaultConfigurationIsVisible = 0;
			defaultConfigurationName = Release;
		};
		C54918AE2C38CFC600623E4C /* Build configuration list for PBXNativeTarget "MapKit-Example-UIKit" */ = {
			isa = XCConfigurationList;
			buildConfigurations = (
				C54918AF2C38CFC600623E4C /* Debug */,
				C54918B02C38CFC600623E4C /* Release */,
			);
			defaultConfigurationIsVisible = 0;
			defaultConfigurationName = Release;
		};
		C54918B12C38CFC600623E4C /* Build configuration list for PBXNativeTarget "MapKit-Example-UIKitTests" */ = {
			isa = XCConfigurationList;
			buildConfigurations = (
				C54918B22C38CFC600623E4C /* Debug */,
				C54918B32C38CFC600623E4C /* Release */,
			);
			defaultConfigurationIsVisible = 0;
			defaultConfigurationName = Release;
		};
		C54918B42C38CFC600623E4C /* Build configuration list for PBXNativeTarget "MapKit-Example-UIKitUITests" */ = {
			isa = XCConfigurationList;
			buildConfigurations = (
				C54918B52C38CFC600623E4C /* Debug */,
				C54918B62C38CFC600623E4C /* Release */,
			);
			defaultConfigurationIsVisible = 0;
			defaultConfigurationName = Release;
		};
/* End XCConfigurationList section */
	};
	rootObject = C549187C2C38CFC400623E4C /* Project object */;
}
